
Microsoft Visual Studio Solution File, Format Version 12.00
# Visual Studio 15
VisualStudioVersion = 15.0.26730.12
MinimumVisualStudioVersion = 10.0.40219.1
Project("{FAE04EC0-301F-11D3-BF4B-00C04F79EFBC}") = "DynamicCombo", "DynamicCombo\DynamicCombo.csproj", "{C35A41AC-9505-43E3-9867-68D7603760F1}"
EndProject
Global
	GlobalSection(SolutionConfigurationPlatforms) = preSolution
		Debug|Any CPU = Debug|Any CPU
		Release|Any CPU = Release|Any CPU
	EndGlobalSection
	GlobalSection(ProjectConfigurationPlatforms) = postSolution
		{C35A41AC-9505-43E3-9867-68D7603760F1}.Debug|Any CPU.ActiveCfg = Debug|Any CPU
		{C35A41AC-9505-43E3-9867-68D7603760F1}.Debug|Any CPU.Build.0 = Debug|Any CPU
		{C35A41AC-9505-43E3-9867-68D7603760F1}.Release|Any CPU.ActiveCfg = Release|Any CPU
		{C35A41AC-9505-43E3-9867-68D7603760F1}.Release|Any CPU.Build.0 = Release|Any CPU
	EndGlobalSection
	GlobalSection(SolutionProperties) = preSolution
		HideSolutionNode = FALSE
	EndGlobalSection
	GlobalSection(ExtensibilityGlobals) = postSolution
		SolutionGuid = {9B6594D6-8867-4EC8-9884-03438B29B42A}
	EndGlobalSection
EndGlobal
